
Microsoft Visual Studio Solution File, Format Version 12.00
# Visual Studio Version 17
VisualStudioVersion = 17.14.36616.10 d17.14
MinimumVisualStudioVersion = 10.0.40219.1
Project("{FAE04EC0-301F-11D3-BF4B-00C04F79EFBC}") = "MauiApp15", "MauiApp15\MauiApp15.csproj", "{777C7344-2B74-48C1-84BE-C954CAD58DBC}"
EndProject
Global
	GlobalSection(SolutionConfigurationPlatforms) = preSolution
		Debug|Any CPU = Debug|Any CPU
		Release|Any CPU = Release|Any CPU
	EndGlobalSection
	GlobalSection(ProjectConfigurationPlatforms) = postSolution
		{777C7344-2B74-48C1-84BE-C954CAD58DBC}.Debug|Any CPU.ActiveCfg = Debug|Any CPU
		{777C7344-2B74-48C1-84BE-C954CAD58DBC}.Debug|Any CPU.Build.0 = Debug|Any CPU
		{777C7344-2B74-48C1-84BE-C954CAD58DBC}.Release|Any CPU.ActiveCfg = Release|Any CPU
		{777C7344-2B74-48C1-84BE-C954CAD58DBC}.Release|Any CPU.Build.0 = Release|Any CPU
	EndGlobalSection
	GlobalSection(SolutionProperties) = preSolution
		HideSolutionNode = FALSE
	EndGlobalSection
	GlobalSection(ExtensibilityGlobals) = postSolution
		SolutionGuid = {7C18B30A-3472-412F-AB24-1DF7A2816C86}
	EndGlobalSection
EndGlobal
